// !$*UTF8*$!
{
	archiveVersion = 1;
	classes = {
	};
	objectVersion = 46;
	objects = {

/* Begin PBXBuildFile section */
		7CEF8D45A9350FE0EB091D06 /* Pods_Makestagram.framework in Frameworks */ = {isa = PBXBuildFile; fileRef = 6A46924574059CF350A0B16A /* Pods_Makestagram.framework */; };
		C743EF321F01597B00578168 /* AppDelegate.swift in Sources */ = {isa = PBXBuildFile; fileRef = C743EF311F01597B00578168 /* AppDelegate.swift */; };
		C743EF391F01597B00578168 /* Assets.xcassets in Resources */ = {isa = PBXBuildFile; fileRef = C743EF381F01597B00578168 /* Assets.xcassets */; };
		C7BA4EB71F016C8B005B0676 /* Main.storyboard in Resources */ = {isa = PBXBuildFile; fileRef = C7BA4EB61F016C8B005B0676 /* Main.storyboard */; };
		C7BA4EB91F016CB6005B0676 /* LaunchScreen.storyboard in Resources */ = {isa = PBXBuildFile; fileRef = C7BA4EB81F016CB6005B0676 /* LaunchScreen.storyboard */; };
		C7BA4EBD1F016D4C005B0676 /* GoogleService-Info.plist in Resources */ = {isa = PBXBuildFile; fileRef = C7BA4EBC1F016D4C005B0676 /* GoogleService-Info.plist */; };
		C7D3CCF01F01ABC200949240 /* Login.storyboard in Resources */ = {isa = PBXBuildFile; fileRef = C7D3CCEF1F01ABC200949240 /* Login.storyboard */; };
		C7E572B91F02A3110016AADF /* LoginViewController.swift in Sources */ = {isa = PBXBuildFile; fileRef = C7E572B81F02A3110016AADF /* LoginViewController.swift */; };
		C7E572BC1F02C88B0016AADF /* User.swift in Sources */ = {isa = PBXBuildFile; fileRef = C7E572BB1F02C88B0016AADF /* User.swift */; };
		C7E572BE1F02DC8A0016AADF /* CreateUsernameViewController.swift in Sources */ = {isa = PBXBuildFile; fileRef = C7E572BD1F02DC8A0016AADF /* CreateUsernameViewController.swift */; };
		C7E774491F06AC2500BA7694 /* StorageService.swift in Sources */ = {isa = PBXBuildFile; fileRef = C7E774481F06AC2500BA7694 /* StorageService.swift */; };
		C7E7744B1F06ACD500BA7694 /* PostService.swift in Sources */ = {isa = PBXBuildFile; fileRef = C7E7744A1F06ACD500BA7694 /* PostService.swift */; };
		C7E89DAB1F04070C0013DE9E /* constants.swift in Sources */ = {isa = PBXBuildFile; fileRef = C7E89DAA1F04070C0013DE9E /* constants.swift */; };
		C7E89DAE1F040C840013DE9E /* Storyboard+Utility.swift in Sources */ = {isa = PBXBuildFile; fileRef = C7E89DAD1F040C840013DE9E /* Storyboard+Utility.swift */; };
		C7F1ABF01F057A3C00AB6D1F /* MainTabBarController.swift in Sources */ = {isa = PBXBuildFile; fileRef = C7F1ABEF1F057A3C00AB6D1F /* MainTabBarController.swift */; };
		C7F1ABF41F057A7B00AB6D1F /* HomeViewController.swift in Sources */ = {isa = PBXBuildFile; fileRef = C7F1ABF31F057A7B00AB6D1F /* HomeViewController.swift */; };
		C7F1ABF61F057A8600AB6D1F /* FindFriendsViewController.swift in Sources */ = {isa = PBXBuildFile; fileRef = C7F1ABF51F057A8600AB6D1F /* FindFriendsViewController.swift */; };
		C7F1ABF81F057AAC00AB6D1F /* UserService.swift in Sources */ = {isa = PBXBuildFile; fileRef = C7F1ABF71F057AAC00AB6D1F /* UserService.swift */; };
		C7F1ABFB1F05882F00AB6D1F /* MGPhotoHelper.swift in Sources */ = {isa = PBXBuildFile; fileRef = C7F1ABFA1F05882F00AB6D1F /* MGPhotoHelper.swift */; };
/* End PBXBuildFile section */

/* Begin PBXFileReference section */
		6A46924574059CF350A0B16A /* Pods_Makestagram.framework */ = {isa = PBXFileReference; explicitFileType = wrapper.framework; includeInIndex = 0; path = Pods_Makestagram.framework; sourceTree = BUILT_PRODUCTS_DIR; };
		74135EC195B09796B2E3B84B /* Pods-Makestagram.release.xcconfig */ = {isa = PBXFileReference; includeInIndex = 1; lastKnownFileType = text.xcconfig; name = "Pods-Makestagram.release.xcconfig"; path = "Pods/Target Support Files/Pods-Makestagram/Pods-Makestagram.release.xcconfig"; sourceTree = "<group>"; };
		9AB9990ED6909318F36CD754 /* Pods-Makestagram.debug.xcconfig */ = {isa = PBXFileReference; includeInIndex = 1; lastKnownFileType = text.xcconfig; name = "Pods-Makestagram.debug.xcconfig"; path = "Pods/Target Support Files/Pods-Makestagram/Pods-Makestagram.debug.xcconfig"; sourceTree = "<group>"; };
		C743EF2E1F01597B00578168 /* Makestagram.app */ = {isa = PBXFileReference; explicitFileType = wrapper.application; includeInIndex = 0; path = Makestagram.app; sourceTree = BUILT_PRODUCTS_DIR; };
		C743EF311F01597B00578168 /* AppDelegate.swift */ = {isa = PBXFileReference; lastKnownFileType = sourcecode.swift; path = AppDelegate.swift; sourceTree = "<group>"; };
		C743EF381F01597B00578168 /* Assets.xcassets */ = {isa = PBXFileReference; lastKnownFileType = folder.assetcatalog; path = Assets.xcassets; sourceTree = "<group>"; };
		C7BA4EB61F016C8B005B0676 /* Main.storyboard */ = {isa = PBXFileReference; fileEncoding = 4; lastKnownFileType = file.storyboard; name = Main.storyboard; path = Storyboards/Main.storyboard; sourceTree = "<group>"; };
		C7BA4EB81F016CB6005B0676 /* LaunchScreen.storyboard */ = {isa = PBXFileReference; fileEncoding = 4; lastKnownFileType = file.storyboard; name = LaunchScreen.storyboard; path = Storyboards/LaunchScreen.storyboard; sourceTree = "<group>"; };
		C7BA4EBA1F016CD1005B0676 /* Info.plist */ = {isa = PBXFileReference; fileEncoding = 4; lastKnownFileType = text.plist.xml; name = Info.plist; path = Supporting/Info.plist; sourceTree = "<group>"; };
		C7BA4EBC1F016D4C005B0676 /* GoogleService-Info.plist */ = {isa = PBXFileReference; fileEncoding = 4; lastKnownFileType = text.plist.xml; name = "GoogleService-Info.plist"; path = "Supporting/GoogleService-Info.plist"; sourceTree = "<group>"; };
		C7D3CCEF1F01ABC200949240 /* Login.storyboard */ = {isa = PBXFileReference; fileEncoding = 4; lastKnownFileType = file.storyboard; name = Login.storyboard; path = Storyboards/Login.storyboard; sourceTree = "<group>"; };
		C7E572B81F02A3110016AADF /* LoginViewController.swift */ = {isa = PBXFileReference; fileEncoding = 4; lastKnownFileType = sourcecode.swift; name = LoginViewController.swift; path = Controllers/LoginViewController.swift; sourceTree = "<group>"; };
		C7E572BB1F02C88B0016AADF /* User.swift */ = {isa = PBXFileReference; fileEncoding = 4; lastKnownFileType = sourcecode.swift; name = User.swift; path = Models/User.swift; sourceTree = "<group>"; };
		C7E572BD1F02DC8A0016AADF /* CreateUsernameViewController.swift */ = {isa = PBXFileReference; fileEncoding = 4; lastKnownFileType = sourcecode.swift; name = CreateUsernameViewController.swift; path = Controllers/CreateUsernameViewController.swift; sourceTree = "<group>"; };
		C7E774481F06AC2500BA7694 /* StorageService.swift */ = {isa = PBXFileReference; fileEncoding = 4; lastKnownFileType = sourcecode.swift; name = StorageService.swift; path = Services/StorageService.swift; sourceTree = "<group>"; };
		C7E7744A1F06ACD500BA7694 /* PostService.swift */ = {isa = PBXFileReference; fileEncoding = 4; lastKnownFileType = sourcecode.swift; name = PostService.swift; path = Services/PostService.swift; sourceTree = "<group>"; };
		C7E89DAA1F04070C0013DE9E /* constants.swift */ = {isa = PBXFileReference; fileEncoding = 4; lastKnownFileType = sourcecode.swift; name = constants.swift; path = Supporting/constants.swift; sourceTree = "<group>"; };
		C7E89DAD1F040C840013DE9E /* Storyboard+Utility.swift */ = {isa = PBXFileReference; fileEncoding = 4; lastKnownFileType = sourcecode.swift; name = "Storyboard+Utility.swift"; path = "Extensions/Storyboard+Utility.swift"; sourceTree = "<group>"; };
		C7F1ABEF1F057A3C00AB6D1F /* MainTabBarController.swift */ = {isa = PBXFileReference; fileEncoding = 4; lastKnownFileType = sourcecode.swift; name = MainTabBarController.swift; path = Controllers/MainTabBarController.swift; sourceTree = "<group>"; };
		C7F1ABF31F057A7B00AB6D1F /* HomeViewController.swift */ = {isa = PBXFileReference; fileEncoding = 4; lastKnownFileType = sourcecode.swift; name = HomeViewController.swift; path = Controllers/HomeViewController.swift; sourceTree = "<group>"; };
		C7F1ABF51F057A8600AB6D1F /* FindFriendsViewController.swift */ = {isa = PBXFileReference; fileEncoding = 4; lastKnownFileType = sourcecode.swift; name = FindFriendsViewController.swift; path = Controllers/FindFriendsViewController.swift; sourceTree = "<group>"; };
		C7F1ABF71F057AAC00AB6D1F /* UserService.swift */ = {isa = PBXFileReference; fileEncoding = 4; lastKnownFileType = sourcecode.swift; name = UserService.swift; path = Services/UserService.swift; sourceTree = "<group>"; };
		C7F1ABFA1F05882F00AB6D1F /* MGPhotoHelper.swift */ = {isa = PBXFileReference; fileEncoding = 4; lastKnownFileType = sourcecode.swift; name = MGPhotoHelper.swift; path = Helpers/MGPhotoHelper.swift; sourceTree = "<group>"; };
/* End PBXFileReference section */

/* Begin PBXFrameworksBuildPhase section */
		C743EF2B1F01597B00578168 /* Frameworks */ = {
			isa = PBXFrameworksBuildPhase;
			buildActionMask = 2147483647;
			files = (
				7CEF8D45A9350FE0EB091D06 /* Pods_Makestagram.framework in Frameworks */,
			);
			runOnlyForDeploymentPostprocessing = 0;
		};
/* End PBXFrameworksBuildPhase section */

/* Begin PBXGroup section */
		3A3B8F6A58487B471F64D007 /* Frameworks */ = {
			isa = PBXGroup;
			children = (
				6A46924574059CF350A0B16A /* Pods_Makestagram.framework */,
			);
			name = Frameworks;
			sourceTree = "<group>";
		};
		5ADEBFB8D6CB87CE4277F8DD /* Pods */ = {
			isa = PBXGroup;
			children = (
				9AB9990ED6909318F36CD754 /* Pods-Makestagram.debug.xcconfig */,
				74135EC195B09796B2E3B84B /* Pods-Makestagram.release.xcconfig */,
			);
			name = Pods;
			sourceTree = "<group>";
		};
		C743EF251F01597B00578168 = {
			isa = PBXGroup;
			children = (
				C743EF301F01597B00578168 /* Makestagram */,
				C743EF2F1F01597B00578168 /* Products */,
				5ADEBFB8D6CB87CE4277F8DD /* Pods */,
				3A3B8F6A58487B471F64D007 /* Frameworks */,
			);
			sourceTree = "<group>";
		};
		C743EF2F1F01597B00578168 /* Products */ = {
			isa = PBXGroup;
			children = (
				C743EF2E1F01597B00578168 /* Makestagram.app */,
			);
			name = Products;
			sourceTree = "<group>";
		};
		C743EF301F01597B00578168 /* Makestagram */ = {
			isa = PBXGroup;
			children = (
				C743EF311F01597B00578168 /* AppDelegate.swift */,
				C7E572BF1F02FBB50016AADF /* Services */,
				C7BA4EBE1F017094005B0676 /* View Controllers */,
				C7E572BA1F02C84E0016AADF /* Models */,
				C7BA4EBF1F0170A1005B0676 /* Storyboards */,
				C743EF381F01597B00578168 /* Assets.xcassets */,
				C7E89DAC1F040C560013DE9E /* Extensions */,
				C7F1ABF91F0587E100AB6D1F /* Helpers */,
				C7BA4EC01F0170BC005B0676 /* Supporting Files */,
			);
			path = Makestagram;
			sourceTree = "<group>";
		};
		C7BA4EBE1F017094005B0676 /* View Controllers */ = {
			isa = PBXGroup;
			children = (
				C7E572B81F02A3110016AADF /* LoginViewController.swift */,
				C7E572BD1F02DC8A0016AADF /* CreateUsernameViewController.swift */,
				C7F1ABF31F057A7B00AB6D1F /* HomeViewController.swift */,
				C7F1ABF51F057A8600AB6D1F /* FindFriendsViewController.swift */,
				C7F1ABEF1F057A3C00AB6D1F /* MainTabBarController.swift */,
			);
			name = "View Controllers";
			sourceTree = "<group>";
		};
		C7BA4EBF1F0170A1005B0676 /* Storyboards */ = {
			isa = PBXGroup;
			children = (
				C7BA4EB61F016C8B005B0676 /* Main.storyboard */,
				C7D3CCEF1F01ABC200949240 /* Login.storyboard */,
			);
			name = Storyboards;
			sourceTree = "<group>";
		};
		C7BA4EC01F0170BC005B0676 /* Supporting Files */ = {
			isa = PBXGroup;
			children = (
				C7BA4EB81F016CB6005B0676 /* LaunchScreen.storyboard */,
				C7BA4EBA1F016CD1005B0676 /* Info.plist */,
				C7BA4EBC1F016D4C005B0676 /* GoogleService-Info.plist */,
				C7E89DAA1F04070C0013DE9E /* constants.swift */,
			);
			name = "Supporting Files";
			sourceTree = "<group>";
		};
		C7E572BA1F02C84E0016AADF /* Models */ = {
			isa = PBXGroup;
			children = (
				C7E572BB1F02C88B0016AADF /* User.swift */,
			);
			name = Models;
			sourceTree = "<group>";
		};
		C7E572BF1F02FBB50016AADF /* Services */ = {
			isa = PBXGroup;
			children = (
				C7F1ABF71F057AAC00AB6D1F /* UserService.swift */,
				C7E774481F06AC2500BA7694 /* StorageService.swift */,
				C7E7744A1F06ACD500BA7694 /* PostService.swift */,
			);
			name = Services;
			sourceTree = "<group>";
		};
		C7E89DAC1F040C560013DE9E /* Extensions */ = {
			isa = PBXGroup;
			children = (
				C7E89DAD1F040C840013DE9E /* Storyboard+Utility.swift */,
			);
			name = Extensions;
			sourceTree = "<group>";
		};
		C7F1ABF91F0587E100AB6D1F /* Helpers */ = {
			isa = PBXGroup;
			children = (
				C7F1ABFA1F05882F00AB6D1F /* MGPhotoHelper.swift */,
			);
			name = Helpers;
			sourceTree = "<group>";
		};
/* End PBXGroup section */

/* Begin PBXNativeTarget section */
		C743EF2D1F01597B00578168 /* Makestagram */ = {
			isa = PBXNativeTarget;
			buildConfigurationList = C743EF401F01597B00578168 /* Build configuration list for PBXNativeTarget "Makestagram" */;
			buildPhases = (
				AABB8398ED1D60F05DD16FF5 /* [CP] Check Pods Manifest.lock */,
				C743EF2A1F01597B00578168 /* Sources */,
				C743EF2B1F01597B00578168 /* Frameworks */,
				C743EF2C1F01597B00578168 /* Resources */,
				CCAEA2658B552D138FA9616E /* [CP] Embed Pods Frameworks */,
				7F36279949E9171C42BC4DCE /* [CP] Copy Pods Resources */,
			);
			buildRules = (
			);
			dependencies = (
			);
			name = Makestagram;
			productName = Makestagram;
			productReference = C743EF2E1F01597B00578168 /* Makestagram.app */;
			productType = "com.apple.product-type.application";
		};
/* End PBXNativeTarget section */

/* Begin PBXProject section */
		C743EF261F01597B00578168 /* Project object */ = {
			isa = PBXProject;
			attributes = {
				LastSwiftUpdateCheck = 0830;
				LastUpgradeCheck = 0830;
				ORGANIZATIONNAME = "Eric Chiang";
				TargetAttributes = {
					C743EF2D1F01597B00578168 = {
						CreatedOnToolsVersion = 8.3.3;
						DevelopmentTeam = RXWLP6GAVG;
						ProvisioningStyle = Automatic;
					};
				};
			};
			buildConfigurationList = C743EF291F01597B00578168 /* Build configuration list for PBXProject "Makestagram" */;
			compatibilityVersion = "Xcode 3.2";
			developmentRegion = English;
			hasScannedForEncodings = 0;
			knownRegions = (
				en,
				Base,
			);
			mainGroup = C743EF251F01597B00578168;
			productRefGroup = C743EF2F1F01597B00578168 /* Products */;
			projectDirPath = "";
			projectRoot = "";
			targets = (
				C743EF2D1F01597B00578168 /* Makestagram */,
			);
		};
/* End PBXProject section */

/* Begin PBXResourcesBuildPhase section */
		C743EF2C1F01597B00578168 /* Resources */ = {
			isa = PBXResourcesBuildPhase;
			buildActionMask = 2147483647;
			files = (
				C7BA4EB91F016CB6005B0676 /* LaunchScreen.storyboard in Resources */,
				C743EF391F01597B00578168 /* Assets.xcassets in Resources */,
				C7BA4EBD1F016D4C005B0676 /* GoogleService-Info.plist in Resources */,
				C7D3CCF01F01ABC200949240 /* Login.storyboard in Resources */,
				C7BA4EB71F016C8B005B0676 /* Main.storyboard in Resources */,
			);
			runOnlyForDeploymentPostprocessing = 0;
		};
/* End PBXResourcesBuildPhase section */

/* Begin PBXShellScriptBuildPhase section */
		7F36279949E9171C42BC4DCE /* [CP] Copy Pods Resources */ = {
			isa = PBXShellScriptBuildPhase;
			buildActionMask = 2147483647;
			files = (
			);
			inputPaths = (
			);
			name = "[CP] Copy Pods Resources";
			outputPaths = (
			);
			runOnlyForDeploymentPostprocessing = 0;
			shellPath = /bin/sh;
			shellScript = "\"${SRCROOT}/Pods/Target Support Files/Pods-Makestagram/Pods-Makestagram-resources.sh\"\n";
			showEnvVarsInLog = 0;
		};
		AABB8398ED1D60F05DD16FF5 /* [CP] Check Pods Manifest.lock */ = {
			isa = PBXShellScriptBuildPhase;
			buildActionMask = 2147483647;
			files = (
			);
			inputPaths = (
			);
			name = "[CP] Check Pods Manifest.lock";
			outputPaths = (
			);
			runOnlyForDeploymentPostprocessing = 0;
			shellPath = /bin/sh;
			shellScript = "diff \"${PODS_PODFILE_DIR_PATH}/Podfile.lock\" \"${PODS_ROOT}/Manifest.lock\" > /dev/null\nif [ $? != 0 ] ; then\n    # print error to STDERR\n    echo \"error: The sandbox is not in sync with the Podfile.lock. Run 'pod install' or update your CocoaPods installation.\" >&2\n    exit 1\nfi\n";
			showEnvVarsInLog = 0;
		};
		CCAEA2658B552D138FA9616E /* [CP] Embed Pods Frameworks */ = {
			isa = PBXShellScriptBuildPhase;
			buildActionMask = 2147483647;
			files = (
			);
			inputPaths = (
			);
			name = "[CP] Embed Pods Frameworks";
			outputPaths = (
			);
			runOnlyForDeploymentPostprocessing = 0;
			shellPath = /bin/sh;
			shellScript = "\"${SRCROOT}/Pods/Target Support Files/Pods-Makestagram/Pods-Makestagram-frameworks.sh\"\n";
			showEnvVarsInLog = 0;
		};
/* End PBXShellScriptBuildPhase section */

/* Begin PBXSourcesBuildPhase section */
		C743EF2A1F01597B00578168 /* Sources */ = {
			isa = PBXSourcesBuildPhase;
			buildActionMask = 2147483647;
			files = (
				C7E572BC1F02C88B0016AADF /* User.swift in Sources */,
				C7E774491F06AC2500BA7694 /* StorageService.swift in Sources */,
				C7E572B91F02A3110016AADF /* LoginViewController.swift in Sources */,
				C7F1ABF01F057A3C00AB6D1F /* MainTabBarController.swift in Sources */,
				C7E89DAE1F040C840013DE9E /* Storyboard+Utility.swift in Sources */,
				C7F1ABF61F057A8600AB6D1F /* FindFriendsViewController.swift in Sources */,
				C7F1ABFB1F05882F00AB6D1F /* MGPhotoHelper.swift in Sources */,
				C7F1ABF41F057A7B00AB6D1F /* HomeViewController.swift in Sources */,
				C7F1ABF81F057AAC00AB6D1F /* UserService.swift in Sources */,
				C7E89DAB1F04070C0013DE9E /* constants.swift in Sources */,
				C7E7744B1F06ACD500BA7694 /* PostService.swift in Sources */,
				C7E572BE1F02DC8A0016AADF /* CreateUsernameViewController.swift in Sources */,
				C743EF321F01597B00578168 /* AppDelegate.swift in Sources */,
			);
			runOnlyForDeploymentPostprocessing = 0;
		};
/* End PBXSourcesBuildPhase section */

/* Begin XCBuildConfiguration section */
		C743EF3E1F01597B00578168 /* Debug */ = {
			isa = XCBuildConfiguration;
			buildSettings = {
				ALWAYS_SEARCH_USER_PATHS = NO;
				CLANG_ANALYZER_NONNULL = YES;
				CLANG_ANALYZER_NUMBER_OBJECT_CONVERSION = YES_AGGRESSIVE;
				CLANG_CXX_LANGUAGE_STANDARD = "gnu++0x";
				CLANG_CXX_LIBRARY = "libc++";
				CLANG_ENABLE_MODULES = YES;
				CLANG_ENABLE_OBJC_ARC = YES;
				CLANG_WARN_BOOL_CONVERSION = YES;
				CLANG_WARN_CONSTANT_CONVERSION = YES;
				CLANG_WARN_DIRECT_OBJC_ISA_USAGE = YES_ERROR;
				CLANG_WARN_DOCUMENTATION_COMMENTS = YES;
				CLANG_WARN_EMPTY_BODY = YES;
				CLANG_WARN_ENUM_CONVERSION = YES;
				CLANG_WARN_INFINITE_RECURSION = YES;
				CLANG_WARN_INT_CONVERSION = YES;
				CLANG_WARN_OBJC_ROOT_CLASS = YES_ERROR;
				CLANG_WARN_SUSPICIOUS_MOVE = YES;
				CLANG_WARN_UNREACHABLE_CODE = YES;
				CLANG_WARN__DUPLICATE_METHOD_MATCH = YES;
				"CODE_SIGN_IDENTITY[sdk=iphoneos*]" = "iPhone Developer";
				COPY_PHASE_STRIP = NO;
				DEBUG_INFORMATION_FORMAT = dwarf;
				ENABLE_STRICT_OBJC_MSGSEND = YES;
				ENABLE_TESTABILITY = YES;
				GCC_C_LANGUAGE_STANDARD = gnu99;
				GCC_DYNAMIC_NO_PIC = NO;
				GCC_NO_COMMON_BLOCKS = YES;
				GCC_OPTIMIZATION_LEVEL = 0;
				GCC_PREPROCESSOR_DEFINITIONS = (
					"DEBUG=1",
					"$(inherited)",
				);
				GCC_WARN_64_TO_32_BIT_CONVERSION = YES;
				GCC_WARN_ABOUT_RETURN_TYPE = YES_ERROR;
				GCC_WARN_UNDECLARED_SELECTOR = YES;
				GCC_WARN_UNINITIALIZED_AUTOS = YES_AGGRESSIVE;
				GCC_WARN_UNUSED_FUNCTION = YES;
				GCC_WARN_UNUSED_VARIABLE = YES;
				IPHONEOS_DEPLOYMENT_TARGET = 10.3;
				MTL_ENABLE_DEBUG_INFO = YES;
				ONLY_ACTIVE_ARCH = YES;
				SDKROOT = iphoneos;
				SWIFT_ACTIVE_COMPILATION_CONDITIONS = DEBUG;
				SWIFT_OPTIMIZATION_LEVEL = "-Onone";
			};
			name = Debug;
		};
		C743EF3F1F01597B00578168 /* Release */ = {
			isa = XCBuildConfiguration;
			buildSettings = {
				ALWAYS_SEARCH_USER_PATHS = NO;
				CLANG_ANALYZER_NONNULL = YES;
				CLANG_ANALYZER_NUMBER_OBJECT_CONVERSION = YES_AGGRESSIVE;
				CLANG_CXX_LANGUAGE_STANDARD = "gnu++0x";
				CLANG_CXX_LIBRARY = "libc++";
				CLANG_ENABLE_MODULES = YES;
				CLANG_ENABLE_OBJC_ARC = YES;
				CLANG_WARN_BOOL_CONVERSION = YES;
				CLANG_WARN_CONSTANT_CONVERSION = YES;
				CLANG_WARN_DIRECT_OBJC_ISA_USAGE = YES_ERROR;
				CLANG_WARN_DOCUMENTATION_COMMENTS = YES;
				CLANG_WARN_EMPTY_BODY = YES;
				CLANG_WARN_ENUM_CONVERSION = YES;
				CLANG_WARN_INFINITE_RECURSION = YES;
				CLANG_WARN_INT_CONVERSION = YES;
				CLANG_WARN_OBJC_ROOT_CLASS = YES_ERROR;
				CLANG_WARN_SUSPICIOUS_MOVE = YES;
				CLANG_WARN_UNREACHABLE_CODE = YES;
				CLANG_WARN__DUPLICATE_METHOD_MATCH = YES;
				"CODE_SIGN_IDENTITY[sdk=iphoneos*]" = "iPhone Developer";
				COPY_PHASE_STRIP = NO;
				DEBUG_INFORMATION_FORMAT = "dwarf-with-dsym";
				ENABLE_NS_ASSERTIONS = NO;
				ENABLE_STRICT_OBJC_MSGSEND = YES;
				GCC_C_LANGUAGE_STANDARD = gnu99;
				GCC_NO_COMMON_BLOCKS = YES;
				GCC_WARN_64_TO_32_BIT_CONVERSION = YES;
				GCC_WARN_ABOUT_RETURN_TYPE = YES_ERROR;
				GCC_WARN_UNDECLARED_SELECTOR = YES;
				GCC_WARN_UNINITIALIZED_AUTOS = YES_AGGRESSIVE;
				GCC_WARN_UNUSED_FUNCTION = YES;
				GCC_WARN_UNUSED_VARIABLE = YES;
				IPHONEOS_DEPLOYMENT_TARGET = 10.3;
				MTL_ENABLE_DEBUG_INFO = NO;
				SDKROOT = iphoneos;
				SWIFT_OPTIMIZATION_LEVEL = "-Owholemodule";
				VALIDATE_PRODUCT = YES;
			};
			name = Release;
		};
		C743EF411F01597B00578168 /* Debug */ = {
			isa = XCBuildConfiguration;
			baseConfigurationReference = 9AB9990ED6909318F36CD754 /* Pods-Makestagram.debug.xcconfig */;
			buildSettings = {
				ASSETCATALOG_COMPILER_APPICON_NAME = AppIcon;
				DEVELOPMENT_TEAM = RXWLP6GAVG;
				INFOPLIST_FILE = "$(SRCROOT)/Makestagram/Supporting/Info.plist";
				LD_RUNPATH_SEARCH_PATHS = "$(inherited) @executable_path/Frameworks";
				PRODUCT_BUNDLE_IDENTIFIER = com.makeschool.Makestagram;
				PRODUCT_NAME = "$(TARGET_NAME)";
				SWIFT_VERSION = 3.0;
			};
			name = Debug;
		};
		C743EF421F01597B00578168 /* Release */ = {
			isa = XCBuildConfiguration;
			baseConfigurationReference = 74135EC195B09796B2E3B84B /* Pods-Makestagram.release.xcconfig */;
			buildSettings = {
				ASSETCATALOG_COMPILER_APPICON_NAME = AppIcon;
				DEVELOPMENT_TEAM = RXWLP6GAVG;
				INFOPLIST_FILE = "$(SRCROOT)/Makestagram/Supporting/Info.plist";
				LD_RUNPATH_SEARCH_PATHS = "$(inherited) @executable_path/Frameworks";
				PRODUCT_BUNDLE_IDENTIFIER = com.makeschool.Makestagram;
				PRODUCT_NAME = "$(TARGET_NAME)";
				SWIFT_VERSION = 3.0;
			};
			name = Release;
		};
/* End XCBuildConfiguration section */

/* Begin XCConfigurationList section */
		C743EF291F01597B00578168 /* Build configuration list for PBXProject "Makestagram" */ = {
			isa = XCConfigurationList;
			buildConfigurations = (
				C743EF3E1F01597B00578168 /* Debug */,
				C743EF3F1F01597B00578168 /* Release */,
			);
			defaultConfigurationIsVisible = 0;
			defaultConfigurationName = Release;
		};
		C743EF401F01597B00578168 /* Build configuration list for PBXNativeTarget "Makestagram" */ = {
			isa = XCConfigurationList;
			buildConfigurations = (
				C743EF411F01597B00578168 /* Debug */,
				C743EF421F01597B00578168 /* Release */,
			);
			defaultConfigurationIsVisible = 0;
			defaultConfigurationName = Release;
		};
/* End XCConfigurationList section */
	};
	rootObject = C743EF261F01597B00578168 /* Project object */;
}
